// !$*UTF8*$!
{
	archiveVersion = 1;
	classes = {
	};
	objectVersion = 46;
	objects = {

/* Begin PBXBuildFile section */
		ABF219141B31779E00DEA3BD /* liblibyuv.a in Frameworks */ = {isa = PBXBuildFile; fileRef = ABF219081B31779E00DEA3BD /* liblibyuv.a */; };
		ABF219761B31782200DEA3BD /* psnr.cc in Sources */ = {isa = PBXBuildFile; fileRef = ABF219311B31782200DEA3BD /* psnr.cc */; };
		ABF219781B31782200DEA3BD /* ssim.cc in Sources */ = {isa = PBXBuildFile; fileRef = ABF219341B31782200DEA3BD /* ssim.cc */; };
		ABF219791B31782200DEA3BD /* compare.cc in Sources */ = {isa = PBXBuildFile; fileRef = ABF219371B31782200DEA3BD /* compare.cc */; };
		ABF2197A1B31782200DEA3BD /* compare_common.cc in Sources */ = {isa = PBXBuildFile; fileRef = ABF219381B31782200DEA3BD /* compare_common.cc */; };
		ABF2197B1B31782200DEA3BD /* compare_gcc.cc in Sources */ = {isa = PBXBuildFile; fileRef = ABF219391B31782200DEA3BD /* compare_gcc.cc */; };
		ABF2197C1B31782200DEA3BD /* compare_neon.cc in Sources */ = {isa = PBXBuildFile; fileRef = ABF2193A1B31782200DEA3BD /* compare_neon.cc */; };
		ABF2197D1B31782200DEA3BD /* compare_neon64.cc in Sources */ = {isa = PBXBuildFile; fileRef = ABF2193B1B31782200DEA3BD /* compare_neon64.cc */; };
		ABF2197E1B31782200DEA3BD /* compare_win.cc in Sources */ = {isa = PBXBuildFile; fileRef = ABF2193C1B31782200DEA3BD /* compare_win.cc */; };
		ABF2197F1B31782200DEA3BD /* convert.cc in Sources */ = {isa = PBXBuildFile; fileRef = ABF2193D1B31782200DEA3BD /* convert.cc */; };
		ABF219801B31782200DEA3BD /* convert_argb.cc in Sources */ = {isa = PBXBuildFile; fileRef = ABF2193E1B31782200DEA3BD /* convert_argb.cc */; };
		ABF219811B31782200DEA3BD /* convert_from.cc in Sources */ = {isa = PBXBuildFile; fileRef = ABF2193F1B31782200DEA3BD /* convert_from.cc */; };
		ABF219821B31782200DEA3BD /* convert_from_argb.cc in Sources */ = {isa = PBXBuildFile; fileRef = ABF219401B31782200DEA3BD /* convert_from_argb.cc */; };
		ABF219831B31782200DEA3BD /* convert_jpeg.cc in Sources */ = {isa = PBXBuildFile; fileRef = ABF219411B31782200DEA3BD /* convert_jpeg.cc */; };
		ABF219841B31782200DEA3BD /* convert_to_argb.cc in Sources */ = {isa = PBXBuildFile; fileRef = ABF219421B31782200DEA3BD /* convert_to_argb.cc */; };
		ABF219851B31782200DEA3BD /* convert_to_i420.cc in Sources */ = {isa = PBXBuildFile; fileRef = ABF219431B31782200DEA3BD /* convert_to_i420.cc */; };
		ABF219861B31782200DEA3BD /* cpu_id.cc in Sources */ = {isa = PBXBuildFile; fileRef = ABF219441B31782200DEA3BD /* cpu_id.cc */; };
		ABF219871B31782200DEA3BD /* mjpeg_decoder.cc in Sources */ = {isa = PBXBuildFile; fileRef = ABF219451B31782200DEA3BD /* mjpeg_decoder.cc */; };
		ABF219881B31782200DEA3BD /* mjpeg_validate.cc in Sources */ = {isa = PBXBuildFile; fileRef = ABF219461B31782200DEA3BD /* mjpeg_validate.cc */; };
		ABF219891B31782200DEA3BD /* planar_functions.cc in Sources */ = {isa = PBXBuildFile; fileRef = ABF219471B31782200DEA3BD /* planar_functions.cc */; };
		ABF2198A1B31782200DEA3BD /* rotate.cc in Sources */ = {isa = PBXBuildFile; fileRef = ABF219481B31782200DEA3BD /* rotate.cc */; };
		ABF2198B1B31782200DEA3BD /* rotate_argb.cc in Sources */ = {isa = PBXBuildFile; fileRef = ABF219491B31782200DEA3BD /* rotate_argb.cc */; };
		ABF2198C1B31782200DEA3BD /* rotate_mips.cc in Sources */ = {isa = PBXBuildFile; fileRef = ABF2194A1B31782200DEA3BD /* rotate_mips.cc */; };
		ABF2198D1B31782200DEA3BD /* rotate_neon.cc in Sources */ = {isa = PBXBuildFile; fileRef = ABF2194B1B31782200DEA3BD /* rotate_neon.cc */; };
		ABF2198E1B31782200DEA3BD /* rotate_neon64.cc in Sources */ = {isa = PBXBuildFile; fileRef = ABF2194C1B31782200DEA3BD /* rotate_neon64.cc */; };
		ABF2198F1B31782200DEA3BD /* row_any.cc in Sources */ = {isa = PBXBuildFile; fileRef = ABF2194D1B31782200DEA3BD /* row_any.cc */; };
		ABF219901B31782200DEA3BD /* row_common.cc in Sources */ = {isa = PBXBuildFile; fileRef = ABF2194E1B31782200DEA3BD /* row_common.cc */; };
		ABF219911B31782200DEA3BD /* row_gcc.cc in Sources */ = {isa = PBXBuildFile; fileRef = ABF2194F1B31782200DEA3BD /* row_gcc.cc */; };
		ABF219921B31782200DEA3BD /* row_mips.cc in Sources */ = {isa = PBXBuildFile; fileRef = ABF219501B31782200DEA3BD /* row_mips.cc */; };
		ABF219931B31782200DEA3BD /* row_neon.cc in Sources */ = {isa = PBXBuildFile; fileRef = ABF219511B31782200DEA3BD /* row_neon.cc */; };
		ABF219941B31782200DEA3BD /* row_neon64.cc in Sources */ = {isa = PBXBuildFile; fileRef = ABF219521B31782200DEA3BD /* row_neon64.cc */; };
		ABF219951B31782200DEA3BD /* row_win.cc in Sources */ = {isa = PBXBuildFile; fileRef = ABF219531B31782200DEA3BD /* row_win.cc */; };
		ABF219961B31782200DEA3BD /* scale.cc in Sources */ = {isa = PBXBuildFile; fileRef = ABF219541B31782200DEA3BD /* scale.cc */; };
		ABF219971B31782200DEA3BD /* scale_any.cc in Sources */ = {isa = PBXBuildFile; fileRef = ABF219551B31782200DEA3BD /* scale_any.cc */; };
		ABF219981B31782200DEA3BD /* scale_argb.cc in Sources */ = {isa = PBXBuildFile; fileRef = ABF219561B31782200DEA3BD /* scale_argb.cc */; };
		ABF219991B31782200DEA3BD /* scale_common.cc in Sources */ = {isa = PBXBuildFile; fileRef = ABF219571B31782200DEA3BD /* scale_common.cc */; };
		ABF2199A1B31782200DEA3BD /* scale_gcc.cc in Sources */ = {isa = PBXBuildFile; fileRef = ABF219581B31782200DEA3BD /* scale_gcc.cc */; };
		ABF2199B1B31782200DEA3BD /* scale_mips.cc in Sources */ = {isa = PBXBuildFile; fileRef = ABF219591B31782200DEA3BD /* scale_mips.cc */; };
		ABF2199C1B31782200DEA3BD /* scale_neon.cc in Sources */ = {isa = PBXBuildFile; fileRef = ABF2195A1B31782200DEA3BD /* scale_neon.cc */; };
		ABF2199D1B31782200DEA3BD /* scale_neon64.cc in Sources */ = {isa = PBXBuildFile; fileRef = ABF2195B1B31782200DEA3BD /* scale_neon64.cc */; };
		ABF2199E1B31782200DEA3BD /* scale_win.cc in Sources */ = {isa = PBXBuildFile; fileRef = ABF2195C1B31782200DEA3BD /* scale_win.cc */; };
		ABF2199F1B31782200DEA3BD /* video_common.cc in Sources */ = {isa = PBXBuildFile; fileRef = ABF2195D1B31782200DEA3BD /* video_common.cc */; };
/* End PBXBuildFile section */

/* Begin PBXContainerItemProxy section */
		ABF219151B31779E00DEA3BD /* PBXContainerItemProxy */ = {
			isa = PBXContainerItemProxy;
			containerPortal = ABF219001B31779E00DEA3BD /* Project object */;
			proxyType = 1;
			remoteGlobalIDString = ABF219071B31779E00DEA3BD;
			remoteInfo = libyuv;
		};
/* End PBXContainerItemProxy section */

/* Begin PBXCopyFilesBuildPhase section */
		ABF219061B31779E00DEA3BD /* CopyFiles */ = {
			isa = PBXCopyFilesBuildPhase;
			buildActionMask = 2147483647;
			dstPath = "include/$(PRODUCT_NAME)";
			dstSubfolderSpec = 16;
			files = (
			);
			runOnlyForDeploymentPostprocessing = 0;
		};
/* End PBXCopyFilesBuildPhase section */

/* Begin PBXFileReference section */
		ABF219081B31779E00DEA3BD /* liblibyuv.a */ = {isa = PBXFileReference; explicitFileType = archive.ar; includeInIndex = 0; path = liblibyuv.a; sourceTree = BUILT_PRODUCTS_DIR; };
		ABF219131B31779E00DEA3BD /* libyuvTests.xctest */ = {isa = PBXFileReference; explicitFileType = wrapper.cfbundle; includeInIndex = 0; path = libyuvTests.xctest; sourceTree = BUILT_PRODUCTS_DIR; };
		ABF219191B31779E00DEA3BD /* Info.plist */ = {isa = PBXFileReference; lastKnownFileType = text.plist.xml; path = Info.plist; sourceTree = "<group>"; };
		ABF219311B31782200DEA3BD /* psnr.cc */ = {isa = PBXFileReference; fileEncoding = 4; lastKnownFileType = sourcecode.cpp.cpp; path = psnr.cc; sourceTree = "<group>"; };
		ABF219321B31782200DEA3BD /* psnr.h */ = {isa = PBXFileReference; fileEncoding = 4; lastKnownFileType = sourcecode.c.h; path = psnr.h; sourceTree = "<group>"; };
		ABF219341B31782200DEA3BD /* ssim.cc */ = {isa = PBXFileReference; fileEncoding = 4; lastKnownFileType = sourcecode.cpp.cpp; path = ssim.cc; sourceTree = "<group>"; };
		ABF219351B31782200DEA3BD /* ssim.h */ = {isa = PBXFileReference; fileEncoding = 4; lastKnownFileType = sourcecode.c.h; path = ssim.h; sourceTree = "<group>"; };
		ABF219371B31782200DEA3BD /* compare.cc */ = {isa = PBXFileReference; fileEncoding = 4; lastKnownFileType = sourcecode.cpp.cpp; path = compare.cc; sourceTree = "<group>"; };
		ABF219381B31782200DEA3BD /* compare_common.cc */ = {isa = PBXFileReference; fileEncoding = 4; lastKnownFileType = sourcecode.cpp.cpp; path = compare_common.cc; sourceTree = "<group>"; };
		ABF219391B31782200DEA3BD /* compare_gcc.cc */ = {isa = PBXFileReference; fileEncoding = 4; lastKnownFileType = sourcecode.cpp.cpp; path = compare_gcc.cc; sourceTree = "<group>"; };
		ABF2193A1B31782200DEA3BD /* compare_neon.cc */ = {isa = PBXFileReference; fileEncoding = 4; lastKnownFileType = sourcecode.cpp.cpp; path = compare_neon.cc; sourceTree = "<group>"; };
		ABF2193B1B31782200DEA3BD /* compare_neon64.cc */ = {isa = PBXFileReference; fileEncoding = 4; lastKnownFileType = sourcecode.cpp.cpp; path = compare_neon64.cc; sourceTree = "<group>"; };
		ABF2193C1B31782200DEA3BD /* compare_win.cc */ = {isa = PBXFileReference; fileEncoding = 4; lastKnownFileType = sourcecode.cpp.cpp; path = compare_win.cc; sourceTree = "<group>"; };
		ABF2193D1B31782200DEA3BD /* convert.cc */ = {isa = PBXFileReference; fileEncoding = 4; lastKnownFileType = sourcecode.cpp.cpp; path = convert.cc; sourceTree = "<group>"; };
		ABF2193E1B31782200DEA3BD /* convert_argb.cc */ = {isa = PBXFileReference; fileEncoding = 4; lastKnownFileType = sourcecode.cpp.cpp; path = convert_argb.cc; sourceTree = "<group>"; };
		ABF2193F1B31782200DEA3BD /* convert_from.cc */ = {isa = PBXFileReference; fileEncoding = 4; lastKnownFileType = sourcecode.cpp.cpp; path = convert_from.cc; sourceTree = "<group>"; };
		ABF219401B31782200DEA3BD /* convert_from_argb.cc */ = {isa = PBXFileReference; fileEncoding = 4; lastKnownFileType = sourcecode.cpp.cpp; path = convert_from_argb.cc; sourceTree = "<group>"; };
		ABF219411B31782200DEA3BD /* convert_jpeg.cc */ = {isa = PBXFileReference; fileEncoding = 4; lastKnownFileType = sourcecode.cpp.cpp; path = convert_jpeg.cc; sourceTree = "<group>"; };
		ABF219421B31782200DEA3BD /* convert_to_argb.cc */ = {isa = PBXFileReference; fileEncoding = 4; lastKnownFileType = sourcecode.cpp.cpp; path = convert_to_argb.cc; sourceTree = "<group>"; };
		ABF219431B31782200DEA3BD /* convert_to_i420.cc */ = {isa = PBXFileReference; fileEncoding = 4; lastKnownFileType = sourcecode.cpp.cpp; path = convert_to_i420.cc; sourceTree = "<group>"; };
		ABF219441B31782200DEA3BD /* cpu_id.cc */ = {isa = PBXFileReference; fileEncoding = 4; lastKnownFileType = sourcecode.cpp.cpp; path = cpu_id.cc; sourceTree = "<group>"; };
		ABF219451B31782200DEA3BD /* mjpeg_decoder.cc */ = {isa = PBXFileReference; fileEncoding = 4; lastKnownFileType = sourcecode.cpp.cpp; path = mjpeg_decoder.cc; sourceTree = "<group>"; };
		ABF219461B31782200DEA3BD /* mjpeg_validate.cc */ = {isa = PBXFileReference; fileEncoding = 4; lastKnownFileType = sourcecode.cpp.cpp; path = mjpeg_validate.cc; sourceTree = "<group>"; };
		ABF219471B31782200DEA3BD /* planar_functions.cc */ = {isa = PBXFileReference; fileEncoding = 4; lastKnownFileType = sourcecode.cpp.cpp; path = planar_functions.cc; sourceTree = "<group>"; };
		ABF219481B31782200DEA3BD /* rotate.cc */ = {isa = PBXFileReference; fileEncoding = 4; lastKnownFileType = sourcecode.cpp.cpp; path = rotate.cc; sourceTree = "<group>"; };
		ABF219491B31782200DEA3BD /* rotate_argb.cc */ = {isa = PBXFileReference; fileEncoding = 4; lastKnownFileType = sourcecode.cpp.cpp; path = rotate_argb.cc; sourceTree = "<group>"; };
		ABF2194A1B31782200DEA3BD /* rotate_mips.cc */ = {isa = PBXFileReference; fileEncoding = 4; lastKnownFileType = sourcecode.cpp.cpp; path = rotate_mips.cc; sourceTree = "<group>"; };
		ABF2194B1B31782200DEA3BD /* rotate_neon.cc */ = {isa = PBXFileReference; fileEncoding = 4; lastKnownFileType = sourcecode.cpp.cpp; path = rotate_neon.cc; sourceTree = "<group>"; };
		ABF2194C1B31782200DEA3BD /* rotate_neon64.cc */ = {isa = PBXFileReference; fileEncoding = 4; lastKnownFileType = sourcecode.cpp.cpp; path = rotate_neon64.cc; sourceTree = "<group>"; };
		ABF2194D1B31782200DEA3BD /* row_any.cc */ = {isa = PBXFileReference; fileEncoding = 4; lastKnownFileType = sourcecode.cpp.cpp; path = row_any.cc; sourceTree = "<group>"; };
		ABF2194E1B31782200DEA3BD /* row_common.cc */ = {isa = PBXFileReference; fileEncoding = 4; lastKnownFileType = sourcecode.cpp.cpp; path = row_common.cc; sourceTree = "<group>"; };
		ABF2194F1B31782200DEA3BD /* row_gcc.cc */ = {isa = PBXFileReference; fileEncoding = 4; lastKnownFileType = sourcecode.cpp.cpp; path = row_gcc.cc; sourceTree = "<group>"; };
		ABF219501B31782200DEA3BD /* row_mips.cc */ = {isa = PBXFileReference; fileEncoding = 4; lastKnownFileType = sourcecode.cpp.cpp; path = row_mips.cc; sourceTree = "<group>"; };
		ABF219511B31782200DEA3BD /* row_neon.cc */ = {isa = PBXFileReference; fileEncoding = 4; lastKnownFileType = sourcecode.cpp.cpp; path = row_neon.cc; sourceTree = "<group>"; };
		ABF219521B31782200DEA3BD /* row_neon64.cc */ = {isa = PBXFileReference; fileEncoding = 4; lastKnownFileType = sourcecode.cpp.cpp; path = row_neon64.cc; sourceTree = "<group>"; };
		ABF219531B31782200DEA3BD /* row_win.cc */ = {isa = PBXFileReference; fileEncoding = 4; lastKnownFileType = sourcecode.cpp.cpp; path = row_win.cc; sourceTree = "<group>"; };
		ABF219541B31782200DEA3BD /* scale.cc */ = {isa = PBXFileReference; fileEncoding = 4; lastKnownFileType = sourcecode.cpp.cpp; path = scale.cc; sourceTree = "<group>"; };
		ABF219551B31782200DEA3BD /* scale_any.cc */ = {isa = PBXFileReference; fileEncoding = 4; lastKnownFileType = sourcecode.cpp.cpp; path = scale_any.cc; sourceTree = "<group>"; };
		ABF219561B31782200DEA3BD /* scale_argb.cc */ = {isa = PBXFileReference; fileEncoding = 4; lastKnownFileType = sourcecode.cpp.cpp; path = scale_argb.cc; sourceTree = "<group>"; };
		ABF219571B31782200DEA3BD /* scale_common.cc */ = {isa = PBXFileReference; fileEncoding = 4; lastKnownFileType = sourcecode.cpp.cpp; path = scale_common.cc; sourceTree = "<group>"; };
		ABF219581B31782200DEA3BD /* scale_gcc.cc */ = {isa = PBXFileReference; fileEncoding = 4; lastKnownFileType = sourcecode.cpp.cpp; path = scale_gcc.cc; sourceTree = "<group>"; };
		ABF219591B31782200DEA3BD /* scale_mips.cc */ = {isa = PBXFileReference; fileEncoding = 4; lastKnownFileType = sourcecode.cpp.cpp; path = scale_mips.cc; sourceTree = "<group>"; };
		ABF2195A1B31782200DEA3BD /* scale_neon.cc */ = {isa = PBXFileReference; fileEncoding = 4; lastKnownFileType = sourcecode.cpp.cpp; path = scale_neon.cc; sourceTree = "<group>"; };
		ABF2195B1B31782200DEA3BD /* scale_neon64.cc */ = {isa = PBXFileReference; fileEncoding = 4; lastKnownFileType = sourcecode.cpp.cpp; path = scale_neon64.cc; sourceTree = "<group>"; };
		ABF2195C1B31782200DEA3BD /* scale_win.cc */ = {isa = PBXFileReference; fileEncoding = 4; lastKnownFileType = sourcecode.cpp.cpp; path = scale_win.cc; sourceTree = "<group>"; };
		ABF2195D1B31782200DEA3BD /* video_common.cc */ = {isa = PBXFileReference; fileEncoding = 4; lastKnownFileType = sourcecode.cpp.cpp; path = video_common.cc; sourceTree = "<group>"; };
		ABF219601B31782200DEA3BD /* basic_types.h */ = {isa = PBXFileReference; fileEncoding = 4; lastKnownFileType = sourcecode.c.h; path = basic_types.h; sourceTree = "<group>"; };
		ABF219611B31782200DEA3BD /* compare.h */ = {isa = PBXFileReference; fileEncoding = 4; lastKnownFileType = sourcecode.c.h; path = compare.h; sourceTree = "<group>"; };
		ABF219621B31782200DEA3BD /* convert.h */ = {isa = PBXFileReference; fileEncoding = 4; lastKnownFileType = sourcecode.c.h; path = convert.h; sourceTree = "<group>"; };
		ABF219631B31782200DEA3BD /* convert_argb.h */ = {isa = PBXFileReference; fileEncoding = 4; lastKnownFileType = sourcecode.c.h; path = convert_argb.h; sourceTree = "<group>"; };
		ABF219641B31782200DEA3BD /* convert_from.h */ = {isa = PBXFileReference; fileEncoding = 4; lastKnownFileType = sourcecode.c.h; path = convert_from.h; sourceTree = "<group>"; };
		ABF219651B31782200DEA3BD /* convert_from_argb.h */ = {isa = PBXFileReference; fileEncoding = 4; lastKnownFileType = sourcecode.c.h; path = convert_from_argb.h; sourceTree = "<group>"; };
		ABF219661B31782200DEA3BD /* cpu_id.h */ = {isa = PBXFileReference; fileEncoding = 4; lastKnownFileType = sourcecode.c.h; path = cpu_id.h; sourceTree = "<group>"; };
		ABF219671B31782200DEA3BD /* mjpeg_decoder.h */ = {isa = PBXFileReference; fileEncoding = 4; lastKnownFileType = sourcecode.c.h; path = mjpeg_decoder.h; sourceTree = "<group>"; };
		ABF219681B31782200DEA3BD /* planar_functions.h */ = {isa = PBXFileReference; fileEncoding = 4; lastKnownFileType = sourcecode.c.h; path = planar_functions.h; sourceTree = "<group>"; };
		ABF219691B31782200DEA3BD /* rotate.h */ = {isa = PBXFileReference; fileEncoding = 4; lastKnownFileType = sourcecode.c.h; path = rotate.h; sourceTree = "<group>"; };
		ABF2196A1B31782200DEA3BD /* rotate_argb.h */ = {isa = PBXFileReference; fileEncoding = 4; lastKnownFileType = sourcecode.c.h; path = rotate_argb.h; sourceTree = "<group>"; };
		ABF2196B1B31782200DEA3BD /* row.h */ = {isa = PBXFileReference; fileEncoding = 4; lastKnownFileType = sourcecode.c.h; path = row.h; sourceTree = "<group>"; };
		ABF2196C1B31782200DEA3BD /* scale.h */ = {isa = PBXFileReference; fileEncoding = 4; lastKnownFileType = sourcecode.c.h; path = scale.h; sourceTree = "<group>"; };
		ABF2196D1B31782200DEA3BD /* scale_argb.h */ = {isa = PBXFileReference; fileEncoding = 4; lastKnownFileType = sourcecode.c.h; path = scale_argb.h; sourceTree = "<group>"; };
		ABF2196E1B31782200DEA3BD /* scale_row.h */ = {isa = PBXFileReference; fileEncoding = 4; lastKnownFileType = sourcecode.c.h; path = scale_row.h; sourceTree = "<group>"; };
		ABF2196F1B31782200DEA3BD /* version.h */ = {isa = PBXFileReference; fileEncoding = 4; lastKnownFileType = sourcecode.c.h; path = version.h; sourceTree = "<group>"; };
		ABF219701B31782200DEA3BD /* video_common.h */ = {isa = PBXFileReference; fileEncoding = 4; lastKnownFileType = sourcecode.c.h; path = video_common.h; sourceTree = "<group>"; };
		ABF219711B31782200DEA3BD /* libyuv.h */ = {isa = PBXFileReference; fileEncoding = 4; lastKnownFileType = sourcecode.c.h; path = libyuv.h; sourceTree = "<group>"; };
/* End PBXFileReference section */

/* Begin PBXFrameworksBuildPhase section */
		ABF219051B31779E00DEA3BD /* Frameworks */ = {
			isa = PBXFrameworksBuildPhase;
			buildActionMask = 2147483647;
			files = (
			);
			runOnlyForDeploymentPostprocessing = 0;
		};
		ABF219101B31779E00DEA3BD /* Frameworks */ = {
			isa = PBXFrameworksBuildPhase;
			buildActionMask = 2147483647;
			files = (
				ABF219141B31779E00DEA3BD /* liblibyuv.a in Frameworks */,
			);
			runOnlyForDeploymentPostprocessing = 0;
		};
/* End PBXFrameworksBuildPhase section */

/* Begin PBXGroup section */
		ABF218FF1B31779E00DEA3BD = {
			isa = PBXGroup;
			children = (
				ABF2190A1B31779E00DEA3BD /* libyuv */,
				ABF219171B31779E00DEA3BD /* libyuvTests */,
				ABF219091B31779E00DEA3BD /* Products */,
			);
			sourceTree = "<group>";
		};
		ABF219091B31779E00DEA3BD /* Products */ = {
			isa = PBXGroup;
			children = (
				ABF219081B31779E00DEA3BD /* liblibyuv.a */,
				ABF219131B31779E00DEA3BD /* libyuvTests.xctest */,
			);
			name = Products;
			sourceTree = "<group>";
		};
		ABF2190A1B31779E00DEA3BD /* libyuv */ = {
			isa = PBXGroup;
			children = (
				ABF2192C1B31782200DEA3BD /* util */,
				ABF219361B31782200DEA3BD /* source */,
				ABF2195E1B31782200DEA3BD /* include */,
			);
			path = libyuv;
			sourceTree = "<group>";
		};
		ABF219171B31779E00DEA3BD /* libyuvTests */ = {
			isa = PBXGroup;
			children = (
				ABF219181B31779E00DEA3BD /* Supporting Files */,
			);
			path = libyuvTests;
			sourceTree = "<group>";
		};
		ABF219181B31779E00DEA3BD /* Supporting Files */ = {
			isa = PBXGroup;
			children = (
				ABF219191B31779E00DEA3BD /* Info.plist */,
			);
			name = "Supporting Files";
			sourceTree = "<group>";
		};
		ABF2192C1B31782200DEA3BD /* util */ = {
			isa = PBXGroup;
			children = (
				ABF219311B31782200DEA3BD /* psnr.cc */,
				ABF219321B31782200DEA3BD /* psnr.h */,
				ABF219341B31782200DEA3BD /* ssim.cc */,
				ABF219351B31782200DEA3BD /* ssim.h */,
			);
			name = util;
			path = ../../util;
			sourceTree = "<group>";
		};
		ABF219361B31782200DEA3BD /* source */ = {
			isa = PBXGroup;
			children = (
				ABF219371B31782200DEA3BD /* compare.cc */,
				ABF219381B31782200DEA3BD /* compare_common.cc */,
				ABF219391B31782200DEA3BD /* compare_gcc.cc */,
				ABF2193A1B31782200DEA3BD /* compare_neon.cc */,
				ABF2193B1B31782200DEA3BD /* compare_neon64.cc */,
				ABF2193C1B31782200DEA3BD /* compare_win.cc */,
				ABF2193D1B31782200DEA3BD /* convert.cc */,
				ABF2193E1B31782200DEA3BD /* convert_argb.cc */,
				ABF2193F1B31782200DEA3BD /* convert_from.cc */,
				ABF219401B31782200DEA3BD /* convert_from_argb.cc */,
				ABF219411B31782200DEA3BD /* convert_jpeg.cc */,
				ABF219421B31782200DEA3BD /* convert_to_argb.cc */,
				ABF219431B31782200DEA3BD /* convert_to_i420.cc */,
				ABF219441B31782200DEA3BD /* cpu_id.cc */,
				ABF219451B31782200DEA3BD /* mjpeg_decoder.cc */,
				ABF219461B31782200DEA3BD /* mjpeg_validate.cc */,
				ABF219471B31782200DEA3BD /* planar_functions.cc */,
				ABF2194B1B31782200DEA3BD /* rotate_neon.cc */,
				ABF219481B31782200DEA3BD /* rotate.cc */,
				ABF219491B31782200DEA3BD /* rotate_argb.cc */,
				ABF2194A1B31782200DEA3BD /* rotate_mips.cc */,
				ABF2194C1B31782200DEA3BD /* rotate_neon64.cc */,
				ABF2194D1B31782200DEA3BD /* row_any.cc */,
				ABF2194E1B31782200DEA3BD /* row_common.cc */,
				ABF2194F1B31782200DEA3BD /* row_gcc.cc */,
				ABF219501B31782200DEA3BD /* row_mips.cc */,
				ABF219511B31782200DEA3BD /* row_neon.cc */,
				ABF219521B31782200DEA3BD /* row_neon64.cc */,
				ABF219531B31782200DEA3BD /* row_win.cc */,
				ABF219541B31782200DEA3BD /* scale.cc */,
				ABF219551B31782200DEA3BD /* scale_any.cc */,
				ABF219561B31782200DEA3BD /* scale_argb.cc */,
				ABF219571B31782200DEA3BD /* scale_common.cc */,
				ABF219581B31782200DEA3BD /* scale_gcc.cc */,
				ABF219591B31782200DEA3BD /* scale_mips.cc */,
				ABF2195A1B31782200DEA3BD /* scale_neon.cc */,
				ABF2195B1B31782200DEA3BD /* scale_neon64.cc */,
				ABF2195C1B31782200DEA3BD /* scale_win.cc */,
				ABF2195D1B31782200DEA3BD /* video_common.cc */,
			);
			name = source;
			path = ../../source;
			sourceTree = "<group>";
		};
		ABF2195E1B31782200DEA3BD /* include */ = {
			isa = PBXGroup;
			children = (
				ABF2195F1B31782200DEA3BD /* libyuv */,
				ABF219711B31782200DEA3BD /* libyuv.h */,
			);
			name = include;
			path = ../../include;
			sourceTree = "<group>";
		};
		ABF2195F1B31782200DEA3BD /* libyuv */ = {
			isa = PBXGroup;
			children = (
				ABF219601B31782200DEA3BD /* basic_types.h */,
				ABF219611B31782200DEA3BD /* compare.h */,
				ABF219621B31782200DEA3BD /* convert.h */,
				ABF219631B31782200DEA3BD /* convert_argb.h */,
				ABF219641B31782200DEA3BD /* convert_from.h */,
				ABF219651B31782200DEA3BD /* convert_from_argb.h */,
				ABF219661B31782200DEA3BD /* cpu_id.h */,
				ABF219671B31782200DEA3BD /* mjpeg_decoder.h */,
				ABF219681B31782200DEA3BD /* planar_functions.h */,
				ABF219691B31782200DEA3BD /* rotate.h */,
				ABF2196A1B31782200DEA3BD /* rotate_argb.h */,
				ABF2196B1B31782200DEA3BD /* row.h */,
				ABF2196C1B31782200DEA3BD /* scale.h */,
				ABF2196E1B31782200DEA3BD /* scale_row.h */,
				ABF2196D1B31782200DEA3BD /* scale_argb.h */,
				ABF2196F1B31782200DEA3BD /* version.h */,
				ABF219701B31782200DEA3BD /* video_common.h */,
			);
			path = libyuv;
			sourceTree = "<group>";
		};
/* End PBXGroup section */

/* Begin PBXNativeTarget section */
		ABF219071B31779E00DEA3BD /* libyuv */ = {
			isa = PBXNativeTarget;
			buildConfigurationList = ABF2191C1B31779E00DEA3BD /* Build configuration list for PBXNativeTarget "libyuv" */;
			buildPhases = (
				ABF219041B31779E00DEA3BD /* Sources */,
				ABF219051B31779E00DEA3BD /* Frameworks */,
				ABF219061B31779E00DEA3BD /* CopyFiles */,
			);
			buildRules = (
			);
			dependencies = (
			);
			name = libyuv;
			productName = libyuv;
			productReference = ABF219081B31779E00DEA3BD /* liblibyuv.a */;
			productType = "com.apple.product-type.library.static";
		};
		ABF219121B31779E00DEA3BD /* libyuvTests */ = {
			isa = PBXNativeTarget;
			buildConfigurationList = ABF2191F1B31779E00DEA3BD /* Build configuration list for PBXNativeTarget "libyuvTests" */;
			buildPhases = (
				ABF2190F1B31779E00DEA3BD /* Sources */,
				ABF219101B31779E00DEA3BD /* Frameworks */,
				ABF219111B31779E00DEA3BD /* Resources */,
			);
			buildRules = (
			);
			dependencies = (
				ABF219161B31779E00DEA3BD /* PBXTargetDependency */,
			);
			name = libyuvTests;
			productName = libyuvTests;
			productReference = ABF219131B31779E00DEA3BD /* libyuvTests.xctest */;
			productType = "com.apple.product-type.bundle.unit-test";
		};
/* End PBXNativeTarget section */

/* Begin PBXProject section */
		ABF219001B31779E00DEA3BD /* Project object */ = {
			isa = PBXProject;
			attributes = {
				LastUpgradeCheck = 0630;
				ORGANIZATIONNAME = bolome;
				TargetAttributes = {
					ABF219071B31779E00DEA3BD = {
						CreatedOnToolsVersion = 6.3.2;
					};
					ABF219121B31779E00DEA3BD = {
						CreatedOnToolsVersion = 6.3.2;
					};
				};
			};
			buildConfigurationList = ABF219031B31779E00DEA3BD /* Build configuration list for PBXProject "libyuv" */;
			compatibilityVersion = "Xcode 3.2";
			developmentRegion = English;
			hasScannedForEncodings = 0;
			knownRegions = (
				en,
			);
			mainGroup = ABF218FF1B31779E00DEA3BD;
			productRefGroup = ABF219091B31779E00DEA3BD /* Products */;
			projectDirPath = "";
			projectRoot = "";
			targets = (
				ABF219071B31779E00DEA3BD /* libyuv */,
				ABF219121B31779E00DEA3BD /* libyuvTests */,
			);
		};
/* End PBXProject section */

/* Begin PBXResourcesBuildPhase section */
		ABF219111B31779E00DEA3BD /* Resources */ = {
			isa = PBXResourcesBuildPhase;
			buildActionMask = 2147483647;
			files = (
			);
			runOnlyForDeploymentPostprocessing = 0;
		};
/* End PBXResourcesBuildPhase section */

/* Begin PBXSourcesBuildPhase section */
		ABF219041B31779E00DEA3BD /* Sources */ = {
			isa = PBXSourcesBuildPhase;
			buildActionMask = 2147483647;
			files = (
				ABF219891B31782200DEA3BD /* planar_functions.cc in Sources */,
				ABF219901B31782200DEA3BD /* row_common.cc in Sources */,
				ABF2199D1B31782200DEA3BD /* scale_neon64.cc in Sources */,
				ABF219841B31782200DEA3BD /* convert_to_argb.cc in Sources */,
				ABF2197A1B31782200DEA3BD /* compare_common.cc in Sources */,
				ABF219971B31782200DEA3BD /* scale_any.cc in Sources */,
				ABF2197B1B31782200DEA3BD /* compare_gcc.cc in Sources */,
				ABF2199A1B31782200DEA3BD /* scale_gcc.cc in Sources */,
				ABF219921B31782200DEA3BD /* row_mips.cc in Sources */,
				ABF219961B31782200DEA3BD /* scale.cc in Sources */,
				ABF2198A1B31782200DEA3BD /* rotate.cc in Sources */,
				ABF219851B31782200DEA3BD /* convert_to_i420.cc in Sources */,
				ABF219761B31782200DEA3BD /* psnr.cc in Sources */,
				ABF2197D1B31782200DEA3BD /* compare_neon64.cc in Sources */,
				ABF2198F1B31782200DEA3BD /* row_any.cc in Sources */,
				ABF219951B31782200DEA3BD /* row_win.cc in Sources */,
				ABF2199B1B31782200DEA3BD /* scale_mips.cc in Sources */,
				ABF219831B31782200DEA3BD /* convert_jpeg.cc in Sources */,
				ABF2197C1B31782200DEA3BD /* compare_neon.cc in Sources */,
				ABF2199C1B31782200DEA3BD /* scale_neon.cc in Sources */,
				ABF219791B31782200DEA3BD /* compare.cc in Sources */,
				ABF2198C1B31782200DEA3BD /* rotate_mips.cc in Sources */,
				ABF2197E1B31782200DEA3BD /* compare_win.cc in Sources */,
				ABF219821B31782200DEA3BD /* convert_from_argb.cc in Sources */,
				ABF219911B31782200DEA3BD /* row_gcc.cc in Sources */,
				ABF219991B31782200DEA3BD /* scale_common.cc in Sources */,
				ABF2198D1B31782200DEA3BD /* rotate_neon.cc in Sources */,
				ABF219981B31782200DEA3BD /* scale_argb.cc in Sources */,
				ABF219881B31782200DEA3BD /* mjpeg_validate.cc in Sources */,
				ABF219941B31782200DEA3BD /* row_neon64.cc in Sources */,
				ABF219871B31782200DEA3BD /* mjpeg_decoder.cc in Sources */,
				ABF219781B31782200DEA3BD /* ssim.cc in Sources */,
				ABF219931B31782200DEA3BD /* row_neon.cc in Sources */,
				ABF2198E1B31782200DEA3BD /* rotate_neon64.cc in Sources */,
				ABF2197F1B31782200DEA3BD /* convert.cc in Sources */,
				ABF219861B31782200DEA3BD /* cpu_id.cc in Sources */,
				ABF219801B31782200DEA3BD /* convert_argb.cc in Sources */,
				ABF2199E1B31782200DEA3BD /* scale_win.cc in Sources */,
				ABF2198B1B31782200DEA3BD /* rotate_argb.cc in Sources */,
				ABF219811B31782200DEA3BD /* convert_from.cc in Sources */,
				ABF2199F1B31782200DEA3BD /* video_common.cc in Sources */,
			);
			runOnlyForDeploymentPostprocessing = 0;
		};
		ABF2190F1B31779E00DEA3BD /* Sources */ = {
			isa = PBXSourcesBuildPhase;
			buildActionMask = 2147483647;
			files = (
			);
			runOnlyForDeploymentPostprocessing = 0;
		};
/* End PBXSourcesBuildPhase section */

/* Begin PBXTargetDependency section */
		ABF219161B31779E00DEA3BD /* PBXTargetDependency */ = {
			isa = PBXTargetDependency;
			target = ABF219071B31779E00DEA3BD /* libyuv */;
			targetProxy = ABF219151B31779E00DEA3BD /* PBXContainerItemProxy */;
		};
/* End PBXTargetDependency section */

/* Begin XCBuildConfiguration section */
		ABF2191A1B31779E00DEA3BD /* Debug */ = {
			isa = XCBuildConfiguration;
			buildSettings = {
				ALWAYS_SEARCH_USER_PATHS = NO;
				ARCHS = (
					"$(ARCHS_STANDARD)",
					armv7s,
				);
				CLANG_CXX_LANGUAGE_STANDARD = "gnu++0x";
				CLANG_CXX_LIBRARY = "libc++";
				CLANG_ENABLE_MODULES = YES;
				CLANG_ENABLE_OBJC_ARC = YES;
				CLANG_WARN_BOOL_CONVERSION = YES;
				CLANG_WARN_CONSTANT_CONVERSION = YES;
				CLANG_WARN_DIRECT_OBJC_ISA_USAGE = YES_ERROR;
				CLANG_WARN_EMPTY_BODY = YES;
				CLANG_WARN_ENUM_CONVERSION = YES;
				CLANG_WARN_INT_CONVERSION = YES;
				CLANG_WARN_OBJC_ROOT_CLASS = YES_ERROR;
				CLANG_WARN_UNREACHABLE_CODE = YES;
				CLANG_WARN__DUPLICATE_METHOD_MATCH = YES;
				COPY_PHASE_STRIP = NO;
				DEBUG_INFORMATION_FORMAT = "dwarf-with-dsym";
				ENABLE_STRICT_OBJC_MSGSEND = YES;
				GCC_C_LANGUAGE_STANDARD = gnu99;
				GCC_DYNAMIC_NO_PIC = NO;
				GCC_NO_COMMON_BLOCKS = YES;
				GCC_OPTIMIZATION_LEVEL = 0;
				GCC_PREPROCESSOR_DEFINITIONS = (
					"DEBUG=1",
					"$(inherited)",
				);
				GCC_SYMBOLS_PRIVATE_EXTERN = NO;
				GCC_WARN_64_TO_32_BIT_CONVERSION = YES;
				GCC_WARN_ABOUT_RETURN_TYPE = YES_ERROR;
				GCC_WARN_UNDECLARED_SELECTOR = YES;
				GCC_WARN_UNINITIALIZED_AUTOS = YES_AGGRESSIVE;
				GCC_WARN_UNUSED_FUNCTION = YES;
				GCC_WARN_UNUSED_VARIABLE = YES;
				HEADER_SEARCH_PATHS = (
					"$(inherited)",
					/Applications/Xcode.app/Contents/Developer/Toolchains/XcodeDefault.xctoolchain/usr/include,
					../include,
				);
				IPHONEOS_DEPLOYMENT_TARGET = 8.3;
				MTL_ENABLE_DEBUG_INFO = YES;
				ONLY_ACTIVE_ARCH = YES;
				SDKROOT = iphoneos;
			};
			name = Debug;
		};
		ABF2191B1B31779E00DEA3BD /* Release */ = {
			isa = XCBuildConfiguration;
			buildSettings = {
				ALWAYS_SEARCH_USER_PATHS = NO;
				ARCHS = (
					"$(ARCHS_STANDARD)",
					armv7s,
				);
				CLANG_CXX_LANGUAGE_STANDARD = "gnu++0x";
				CLANG_CXX_LIBRARY = "libc++";
				CLANG_ENABLE_MODULES = YES;
				CLANG_ENABLE_OBJC_ARC = YES;
				CLANG_WARN_BOOL_CONVERSION = YES;
				CLANG_WARN_CONSTANT_CONVERSION = YES;
				CLANG_WARN_DIRECT_OBJC_ISA_USAGE = YES_ERROR;
				CLANG_WARN_EMPTY_BODY = YES;
				CLANG_WARN_ENUM_CONVERSION = YES;
				CLANG_WARN_INT_CONVERSION = YES;
				CLANG_WARN_OBJC_ROOT_CLASS = YES_ERROR;
				CLANG_WARN_UNREACHABLE_CODE = YES;
				CLANG_WARN__DUPLICATE_METHOD_MATCH = YES;
				COPY_PHASE_STRIP = NO;
				DEBUG_INFORMATION_FORMAT = "dwarf-with-dsym";
				ENABLE_NS_ASSERTIONS = NO;
				ENABLE_STRICT_OBJC_MSGSEND = YES;
				GCC_C_LANGUAGE_STANDARD = gnu99;
				GCC_NO_COMMON_BLOCKS = YES;
				GCC_WARN_64_TO_32_BIT_CONVERSION = YES;
				GCC_WARN_ABOUT_RETURN_TYPE = YES_ERROR;
				GCC_WARN_UNDECLARED_SELECTOR = YES;
				GCC_WARN_UNINITIALIZED_AUTOS = YES_AGGRESSIVE;
				GCC_WARN_UNUSED_FUNCTION = YES;
				GCC_WARN_UNUSED_VARIABLE = YES;
				HEADER_SEARCH_PATHS = (
					"$(inherited)",
					/Applications/Xcode.app/Contents/Developer/Toolchains/XcodeDefault.xctoolchain/usr/include,
					../include,
				);
				IPHONEOS_DEPLOYMENT_TARGET = 8.3;
				MTL_ENABLE_DEBUG_INFO = NO;
				SDKROOT = iphoneos;
				VALIDATE_PRODUCT = YES;
			};
			name = Release;
		};
		ABF2191D1B31779E00DEA3BD /* Debug */ = {
			isa = XCBuildConfiguration;
			buildSettings = {
				OTHER_LDFLAGS = "-ObjC";
				PRODUCT_NAME = "$(TARGET_NAME)";
				SKIP_INSTALL = YES;
			};
			name = Debug;
		};
		ABF2191E1B31779E00DEA3BD /* Release */ = {
			isa = XCBuildConfiguration;
			buildSettings = {
				OTHER_LDFLAGS = "-ObjC";
				PRODUCT_NAME = "$(TARGET_NAME)";
				SKIP_INSTALL = YES;
			};
			name = Release;
		};
		ABF219201B31779E00DEA3BD /* Debug */ = {
			isa = XCBuildConfiguration;
			buildSettings = {
				"CODE_SIGN_IDENTITY[sdk=iphoneos*]" = "iPhone Developer";
				FRAMEWORK_SEARCH_PATHS = (
					"$(SDKROOT)/Developer/Library/Frameworks",
					"$(inherited)",
				);
				GCC_PREPROCESSOR_DEFINITIONS = (
					"DEBUG=1",
					"$(inherited)",
				);
				INFOPLIST_FILE = libyuvTests/Info.plist;
				LD_RUNPATH_SEARCH_PATHS = "$(inherited) @executable_path/Frameworks @loader_path/Frameworks";
				PRODUCT_NAME = "$(TARGET_NAME)";
			};
			name = Debug;
		};
		ABF219211B31779E00DEA3BD /* Release */ = {
			isa = XCBuildConfiguration;
			buildSettings = {
				"CODE_SIGN_IDENTITY[sdk=iphoneos*]" = "iPhone Developer";
				FRAMEWORK_SEARCH_PATHS = (
					"$(SDKROOT)/Developer/Library/Frameworks",
					"$(inherited)",
				);
				INFOPLIST_FILE = libyuvTests/Info.plist;
				LD_RUNPATH_SEARCH_PATHS = "$(inherited) @executable_path/Frameworks @loader_path/Frameworks";
				PRODUCT_NAME = "$(TARGET_NAME)";
			};
			name = Release;
		};
/* End XCBuildConfiguration section */

/* Begin XCConfigurationList section */
		ABF219031B31779E00DEA3BD /* Build configuration list for PBXProject "libyuv" */ = {
			isa = XCConfigurationList;
			buildConfigurations = (
				ABF2191A1B31779E00DEA3BD /* Debug */,
				ABF2191B1B31779E00DEA3BD /* Release */,
			);
			defaultConfigurationIsVisible = 0;
			defaultConfigurationName = Release;
		};
		ABF2191C1B31779E00DEA3BD /* Build configuration list for PBXNativeTarget "libyuv" */ = {
			isa = XCConfigurationList;
			buildConfigurations = (
				ABF2191D1B31779E00DEA3BD /* Debug */,
				ABF2191E1B31779E00DEA3BD /* Release */,
			);
			defaultConfigurationIsVisible = 0;
			defaultConfigurationName = Release;
		};
		ABF2191F1B31779E00DEA3BD /* Build configuration list for PBXNativeTarget "libyuvTests" */ = {
			isa = XCConfigurationList;
			buildConfigurations = (
				ABF219201B31779E00DEA3BD /* Debug */,
				ABF219211B31779E00DEA3BD /* Release */,
			);
			defaultConfigurationIsVisible = 0;
			defaultConfigurationName = Release;
		};
/* End XCConfigurationList section */
	};
	rootObject = ABF219001B31779E00DEA3BD /* Project object */;
}
